// !$*UTF8*$!
{
	archiveVersion = 1;
	classes = {
	};
	objectVersion = 56;
	objects = {

/* Begin PBXBuildFile section */
		BE34FE4D2A4D63F600F4F57D /* AppDelegate.swift in Sources */ = {isa = PBXBuildFile; fileRef = BE34FE4C2A4D63F600F4F57D /* AppDelegate.swift */; };
		BE34FE4F2A4D63F600F4F57D /* SceneDelegate.swift in Sources */ = {isa = PBXBuildFile; fileRef = BE34FE4E2A4D63F600F4F57D /* SceneDelegate.swift */; };
		BE34FE512A4D63F600F4F57D /* SearchViewController.swift in Sources */ = {isa = PBXBuildFile; fileRef = BE34FE502A4D63F600F4F57D /* SearchViewController.swift */; };
		BE34FE562A4D63F900F4F57D /* Assets.xcassets in Resources */ = {isa = PBXBuildFile; fileRef = BE34FE552A4D63F900F4F57D /* Assets.xcassets */; };
		BE34FE592A4D63F900F4F57D /* LaunchScreen.storyboard in Resources */ = {isa = PBXBuildFile; fileRef = BE34FE572A4D63F900F4F57D /* LaunchScreen.storyboard */; };
		BE34FE642A4D63F900F4F57D /* ITunes_SearchTests.swift in Sources */ = {isa = PBXBuildFile; fileRef = BE34FE632A4D63F900F4F57D /* ITunes_SearchTests.swift */; };
		BE34FE812A4D6A0200F4F57D /* SearchViewModel.swift in Sources */ = {isa = PBXBuildFile; fileRef = BE34FE802A4D6A0200F4F57D /* SearchViewModel.swift */; };
		BE34FE842A4D6B4100F4F57D /* Songs.swift in Sources */ = {isa = PBXBuildFile; fileRef = BE34FE832A4D6B4100F4F57D /* Songs.swift */; };
		BE34FE872A4D770F00F4F57D /* UITextField+.swift in Sources */ = {isa = PBXBuildFile; fileRef = BE34FE862A4D770F00F4F57D /* UITextField+.swift */; };
		BE34FE892A4D781000F4F57D /* SearchResultCell.swift in Sources */ = {isa = PBXBuildFile; fileRef = BE34FE882A4D781000F4F57D /* SearchResultCell.swift */; };
		BE34FE8B2A4D78C100F4F57D /* UITableViewCell+.swift in Sources */ = {isa = PBXBuildFile; fileRef = BE34FE8A2A4D78C100F4F57D /* UITableViewCell+.swift */; };
		BE34FE8D2A4DBA7000F4F57D /* NetworkService.swift in Sources */ = {isa = PBXBuildFile; fileRef = BE34FE8C2A4DBA7000F4F57D /* NetworkService.swift */; };
		BE34FE902A4DC36E00F4F57D /* SearchClient.swift in Sources */ = {isa = PBXBuildFile; fileRef = BE34FE8F2A4DC36E00F4F57D /* SearchClient.swift */; };
		BE34FE922A4E06CD00F4F57D /* MockService.swift in Sources */ = {isa = PBXBuildFile; fileRef = BE34FE912A4E06CD00F4F57D /* MockService.swift */; };
		BE34FE942A4EDABB00F4F57D /* SearchInputView.swift in Sources */ = {isa = PBXBuildFile; fileRef = BE34FE932A4EDABB00F4F57D /* SearchInputView.swift */; };
		BE34FE962A4EED8200F4F57D /* UIImageView+.swift in Sources */ = {isa = PBXBuildFile; fileRef = BE34FE952A4EED8200F4F57D /* UIImageView+.swift */; };
		BE34FE982A4EF27700F4F57D /* String+.swift in Sources */ = {isa = PBXBuildFile; fileRef = BE34FE972A4EF27700F4F57D /* String+.swift */; };
/* End PBXBuildFile section */

/* Begin PBXContainerItemProxy section */
		BE34FE602A4D63F900F4F57D /* PBXContainerItemProxy */ = {
			isa = PBXContainerItemProxy;
			containerPortal = BE34FE412A4D63F600F4F57D /* Project object */;
			proxyType = 1;
			remoteGlobalIDString = BE34FE482A4D63F600F4F57D;
			remoteInfo = "ITunes Search";
		};
/* End PBXContainerItemProxy section */

/* Begin PBXFileReference section */
		BE34FE492A4D63F600F4F57D /* ITunes Search.app */ = {isa = PBXFileReference; explicitFileType = wrapper.application; includeInIndex = 0; path = "ITunes Search.app"; sourceTree = BUILT_PRODUCTS_DIR; };
		BE34FE4C2A4D63F600F4F57D /* AppDelegate.swift */ = {isa = PBXFileReference; lastKnownFileType = sourcecode.swift; path = AppDelegate.swift; sourceTree = "<group>"; };
		BE34FE4E2A4D63F600F4F57D /* SceneDelegate.swift */ = {isa = PBXFileReference; lastKnownFileType = sourcecode.swift; path = SceneDelegate.swift; sourceTree = "<group>"; };
		BE34FE502A4D63F600F4F57D /* SearchViewController.swift */ = {isa = PBXFileReference; lastKnownFileType = sourcecode.swift; path = SearchViewController.swift; sourceTree = "<group>"; };
		BE34FE552A4D63F900F4F57D /* Assets.xcassets */ = {isa = PBXFileReference; lastKnownFileType = folder.assetcatalog; path = Assets.xcassets; sourceTree = "<group>"; };
		BE34FE582A4D63F900F4F57D /* Base */ = {isa = PBXFileReference; lastKnownFileType = file.storyboard; name = Base; path = Base.lproj/LaunchScreen.storyboard; sourceTree = "<group>"; };
		BE34FE5A2A4D63F900F4F57D /* Info.plist */ = {isa = PBXFileReference; lastKnownFileType = text.plist.xml; path = Info.plist; sourceTree = "<group>"; };
		BE34FE5F2A4D63F900F4F57D /* ITunes SearchTests.xctest */ = {isa = PBXFileReference; explicitFileType = wrapper.cfbundle; includeInIndex = 0; path = "ITunes SearchTests.xctest"; sourceTree = BUILT_PRODUCTS_DIR; };
		BE34FE632A4D63F900F4F57D /* ITunes_SearchTests.swift */ = {isa = PBXFileReference; lastKnownFileType = sourcecode.swift; path = ITunes_SearchTests.swift; sourceTree = "<group>"; };
		BE34FE802A4D6A0200F4F57D /* SearchViewModel.swift */ = {isa = PBXFileReference; lastKnownFileType = sourcecode.swift; path = SearchViewModel.swift; sourceTree = "<group>"; };
		BE34FE832A4D6B4100F4F57D /* Songs.swift */ = {isa = PBXFileReference; lastKnownFileType = sourcecode.swift; path = Songs.swift; sourceTree = "<group>"; };
		BE34FE862A4D770F00F4F57D /* UITextField+.swift */ = {isa = PBXFileReference; lastKnownFileType = sourcecode.swift; path = "UITextField+.swift"; sourceTree = "<group>"; };
		BE34FE882A4D781000F4F57D /* SearchResultCell.swift */ = {isa = PBXFileReference; lastKnownFileType = sourcecode.swift; path = SearchResultCell.swift; sourceTree = "<group>"; };
		BE34FE8A2A4D78C100F4F57D /* UITableViewCell+.swift */ = {isa = PBXFileReference; lastKnownFileType = sourcecode.swift; path = "UITableViewCell+.swift"; sourceTree = "<group>"; };
		BE34FE8C2A4DBA7000F4F57D /* NetworkService.swift */ = {isa = PBXFileReference; lastKnownFileType = sourcecode.swift; path = NetworkService.swift; sourceTree = "<group>"; };
		BE34FE8F2A4DC36E00F4F57D /* SearchClient.swift */ = {isa = PBXFileReference; lastKnownFileType = sourcecode.swift; path = SearchClient.swift; sourceTree = "<group>"; };
		BE34FE912A4E06CD00F4F57D /* MockService.swift */ = {isa = PBXFileReference; lastKnownFileType = sourcecode.swift; path = MockService.swift; sourceTree = "<group>"; };
		BE34FE932A4EDABB00F4F57D /* SearchInputView.swift */ = {isa = PBXFileReference; lastKnownFileType = sourcecode.swift; path = SearchInputView.swift; sourceTree = "<group>"; };
		BE34FE952A4EED8200F4F57D /* UIImageView+.swift */ = {isa = PBXFileReference; lastKnownFileType = sourcecode.swift; path = "UIImageView+.swift"; sourceTree = "<group>"; };
		BE34FE972A4EF27700F4F57D /* String+.swift */ = {isa = PBXFileReference; lastKnownFileType = sourcecode.swift; path = "String+.swift"; sourceTree = "<group>"; };
/* End PBXFileReference section */

/* Begin PBXFrameworksBuildPhase section */
		BE34FE462A4D63F600F4F57D /* Frameworks */ = {
			isa = PBXFrameworksBuildPhase;
			buildActionMask = 2147483647;
			files = (
			);
			runOnlyForDeploymentPostprocessing = 0;
		};
		BE34FE5C2A4D63F900F4F57D /* Frameworks */ = {
			isa = PBXFrameworksBuildPhase;
			buildActionMask = 2147483647;
			files = (
			);
			runOnlyForDeploymentPostprocessing = 0;
		};
/* End PBXFrameworksBuildPhase section */

/* Begin PBXGroup section */
		BE34FE402A4D63F600F4F57D = {
			isa = PBXGroup;
			children = (
				BE34FE4B2A4D63F600F4F57D /* ITunes Search */,
				BE34FE622A4D63F900F4F57D /* ITunes SearchTests */,
				BE34FE4A2A4D63F600F4F57D /* Products */,
			);
			sourceTree = "<group>";
		};
		BE34FE4A2A4D63F600F4F57D /* Products */ = {
			isa = PBXGroup;
			children = (
				BE34FE492A4D63F600F4F57D /* ITunes Search.app */,
				BE34FE5F2A4D63F900F4F57D /* ITunes SearchTests.xctest */,
			);
			name = Products;
			sourceTree = "<group>";
		};
		BE34FE4B2A4D63F600F4F57D /* ITunes Search */ = {
			isa = PBXGroup;
			children = (
				BE34FE7D2A4D695900F4F57D /* General */,
				BE34FE7F2A4D698800F4F57D /* Modules */,
				BE34FE822A4D6AED00F4F57D /* Models */,
				BE34FE8E2A4DBA8A00F4F57D /* Service */,
				BE34FE852A4D76FB00F4F57D /* Helpers */,
				BE34FE7E2A4D697700F4F57D /* Resources */,
				BE34FE5A2A4D63F900F4F57D /* Info.plist */,
			);
			path = "ITunes Search";
			sourceTree = "<group>";
		};
		BE34FE622A4D63F900F4F57D /* ITunes SearchTests */ = {
			isa = PBXGroup;
			children = (
				BE34FE632A4D63F900F4F57D /* ITunes_SearchTests.swift */,
			);
			path = "ITunes SearchTests";
			sourceTree = "<group>";
		};
		BE34FE7C2A4D693200F4F57D /* Search */ = {
			isa = PBXGroup;
			children = (
				BE34FE502A4D63F600F4F57D /* SearchViewController.swift */,
				BE34FE802A4D6A0200F4F57D /* SearchViewModel.swift */,
				BE34FE882A4D781000F4F57D /* SearchResultCell.swift */,
				BE34FE932A4EDABB00F4F57D /* SearchInputView.swift */,
			);
			path = Search;
			sourceTree = "<group>";
		};
		BE34FE7D2A4D695900F4F57D /* General */ = {
			isa = PBXGroup;
			children = (
				BE34FE4C2A4D63F600F4F57D /* AppDelegate.swift */,
				BE34FE4E2A4D63F600F4F57D /* SceneDelegate.swift */,
				BE34FE572A4D63F900F4F57D /* LaunchScreen.storyboard */,
			);
			path = General;
			sourceTree = "<group>";
		};
		BE34FE7E2A4D697700F4F57D /* Resources */ = {
			isa = PBXGroup;
			children = (
				BE34FE552A4D63F900F4F57D /* Assets.xcassets */,
			);
			path = Resources;
			sourceTree = "<group>";
		};
		BE34FE7F2A4D698800F4F57D /* Modules */ = {
			isa = PBXGroup;
			children = (
				BE34FE7C2A4D693200F4F57D /* Search */,
			);
			path = Modules;
			sourceTree = "<group>";
		};
		BE34FE822A4D6AED00F4F57D /* Models */ = {
			isa = PBXGroup;
			children = (
				BE34FE832A4D6B4100F4F57D /* Songs.swift */,
			);
			path = Models;
			sourceTree = "<group>";
		};
		BE34FE852A4D76FB00F4F57D /* Helpers */ = {
			isa = PBXGroup;
			children = (
				BE34FE862A4D770F00F4F57D /* UITextField+.swift */,
				BE34FE8A2A4D78C100F4F57D /* UITableViewCell+.swift */,
				BE34FE952A4EED8200F4F57D /* UIImageView+.swift */,
				BE34FE972A4EF27700F4F57D /* String+.swift */,
			);
			path = Helpers;
			sourceTree = "<group>";
		};
		BE34FE8E2A4DBA8A00F4F57D /* Service */ = {
			isa = PBXGroup;
			children = (
				BE34FE8C2A4DBA7000F4F57D /* NetworkService.swift */,
				BE34FE8F2A4DC36E00F4F57D /* SearchClient.swift */,
				BE34FE912A4E06CD00F4F57D /* MockService.swift */,
			);
			path = Service;
			sourceTree = "<group>";
		};
/* End PBXGroup section */

/* Begin PBXNativeTarget section */
		BE34FE482A4D63F600F4F57D /* ITunes Search */ = {
			isa = PBXNativeTarget;
			buildConfigurationList = BE34FE732A4D63F900F4F57D /* Build configuration list for PBXNativeTarget "ITunes Search" */;
			buildPhases = (
				BE34FE452A4D63F600F4F57D /* Sources */,
				BE34FE462A4D63F600F4F57D /* Frameworks */,
				BE34FE472A4D63F600F4F57D /* Resources */,
			);
			buildRules = (
			);
			dependencies = (
			);
			name = "ITunes Search";
			productName = "ITunes Search";
			productReference = BE34FE492A4D63F600F4F57D /* ITunes Search.app */;
			productType = "com.apple.product-type.application";
		};
		BE34FE5E2A4D63F900F4F57D /* ITunes SearchTests */ = {
			isa = PBXNativeTarget;
			buildConfigurationList = BE34FE762A4D63F900F4F57D /* Build configuration list for PBXNativeTarget "ITunes SearchTests" */;
			buildPhases = (
				BE34FE5B2A4D63F900F4F57D /* Sources */,
				BE34FE5C2A4D63F900F4F57D /* Frameworks */,
				BE34FE5D2A4D63F900F4F57D /* Resources */,
			);
			buildRules = (
			);
			dependencies = (
				BE34FE612A4D63F900F4F57D /* PBXTargetDependency */,
			);
			name = "ITunes SearchTests";
			productName = "ITunes SearchTests";
			productReference = BE34FE5F2A4D63F900F4F57D /* ITunes SearchTests.xctest */;
			productType = "com.apple.product-type.bundle.unit-test";
		};
/* End PBXNativeTarget section */

/* Begin PBXProject section */
		BE34FE412A4D63F600F4F57D /* Project object */ = {
			isa = PBXProject;
			attributes = {
				BuildIndependentTargetsInParallel = 1;
				LastSwiftUpdateCheck = 1420;
				LastUpgradeCheck = 1420;
				TargetAttributes = {
					BE34FE482A4D63F600F4F57D = {
						CreatedOnToolsVersion = 14.2;
					};
					BE34FE5E2A4D63F900F4F57D = {
						CreatedOnToolsVersion = 14.2;
						TestTargetID = BE34FE482A4D63F600F4F57D;
					};
				};
			};
			buildConfigurationList = BE34FE442A4D63F600F4F57D /* Build configuration list for PBXProject "ITunes Search" */;
			compatibilityVersion = "Xcode 14.0";
			developmentRegion = en;
			hasScannedForEncodings = 0;
			knownRegions = (
				en,
				Base,
			);
			mainGroup = BE34FE402A4D63F600F4F57D;
			productRefGroup = BE34FE4A2A4D63F600F4F57D /* Products */;
			projectDirPath = "";
			projectRoot = "";
			targets = (
				BE34FE482A4D63F600F4F57D /* ITunes Search */,
				BE34FE5E2A4D63F900F4F57D /* ITunes SearchTests */,
			);
		};
/* End PBXProject section */

/* Begin PBXResourcesBuildPhase section */
		BE34FE472A4D63F600F4F57D /* Resources */ = {
			isa = PBXResourcesBuildPhase;
			buildActionMask = 2147483647;
			files = (
				BE34FE592A4D63F900F4F57D /* LaunchScreen.storyboard in Resources */,
				BE34FE562A4D63F900F4F57D /* Assets.xcassets in Resources */,
			);
			runOnlyForDeploymentPostprocessing = 0;
		};
		BE34FE5D2A4D63F900F4F57D /* Resources */ = {
			isa = PBXResourcesBuildPhase;
			buildActionMask = 2147483647;
			files = (
			);
			runOnlyForDeploymentPostprocessing = 0;
		};
/* End PBXResourcesBuildPhase section */

/* Begin PBXSourcesBuildPhase section */
		BE34FE452A4D63F600F4F57D /* Sources */ = {
			isa = PBXSourcesBuildPhase;
			buildActionMask = 2147483647;
			files = (
				BE34FE962A4EED8200F4F57D /* UIImageView+.swift in Sources */,
				BE34FE892A4D781000F4F57D /* SearchResultCell.swift in Sources */,
				BE34FE842A4D6B4100F4F57D /* Songs.swift in Sources */,
				BE34FE512A4D63F600F4F57D /* SearchViewController.swift in Sources */,
				BE34FE4D2A4D63F600F4F57D /* AppDelegate.swift in Sources */,
				BE34FE922A4E06CD00F4F57D /* MockService.swift in Sources */,
				BE34FE942A4EDABB00F4F57D /* SearchInputView.swift in Sources */,
				BE34FE902A4DC36E00F4F57D /* SearchClient.swift in Sources */,
				BE34FE8D2A4DBA7000F4F57D /* NetworkService.swift in Sources */,
				BE34FE872A4D770F00F4F57D /* UITextField+.swift in Sources */,
				BE34FE8B2A4D78C100F4F57D /* UITableViewCell+.swift in Sources */,
				BE34FE812A4D6A0200F4F57D /* SearchViewModel.swift in Sources */,
				BE34FE982A4EF27700F4F57D /* String+.swift in Sources */,
				BE34FE4F2A4D63F600F4F57D /* SceneDelegate.swift in Sources */,
			);
			runOnlyForDeploymentPostprocessing = 0;
		};
		BE34FE5B2A4D63F900F4F57D /* Sources */ = {
			isa = PBXSourcesBuildPhase;
			buildActionMask = 2147483647;
			files = (
				BE34FE642A4D63F900F4F57D /* ITunes_SearchTests.swift in Sources */,
			);
			runOnlyForDeploymentPostprocessing = 0;
		};
/* End PBXSourcesBuildPhase section */

/* Begin PBXTargetDependency section */
		BE34FE612A4D63F900F4F57D /* PBXTargetDependency */ = {
			isa = PBXTargetDependency;
			target = BE34FE482A4D63F600F4F57D /* ITunes Search */;
			targetProxy = BE34FE602A4D63F900F4F57D /* PBXContainerItemProxy */;
		};
/* End PBXTargetDependency section */

/* Begin PBXVariantGroup section */
		BE34FE572A4D63F900F4F57D /* LaunchScreen.storyboard */ = {
			isa = PBXVariantGroup;
			children = (
				BE34FE582A4D63F900F4F57D /* Base */,
			);
			name = LaunchScreen.storyboard;
			sourceTree = "<group>";
		};
/* End PBXVariantGroup section */

/* Begin XCBuildConfiguration section */
		BE34FE712A4D63F900F4F57D /* Debug */ = {
			isa = XCBuildConfiguration;
			buildSettings = {
				ALWAYS_SEARCH_USER_PATHS = NO;
				CLANG_ANALYZER_NONNULL = YES;
				CLANG_ANALYZER_NUMBER_OBJECT_CONVERSION = YES_AGGRESSIVE;
				CLANG_CXX_LANGUAGE_STANDARD = "gnu++20";
				CLANG_ENABLE_MODULES = YES;
				CLANG_ENABLE_OBJC_ARC = YES;
				CLANG_ENABLE_OBJC_WEAK = YES;
				CLANG_WARN_BLOCK_CAPTURE_AUTORELEASING = YES;
				CLANG_WARN_BOOL_CONVERSION = YES;
				CLANG_WARN_COMMA = YES;
				CLANG_WARN_CONSTANT_CONVERSION = YES;
				CLANG_WARN_DEPRECATED_OBJC_IMPLEMENTATIONS = YES;
				CLANG_WARN_DIRECT_OBJC_ISA_USAGE = YES_ERROR;
				CLANG_WARN_DOCUMENTATION_COMMENTS = YES;
				CLANG_WARN_EMPTY_BODY = YES;
				CLANG_WARN_ENUM_CONVERSION = YES;
				CLANG_WARN_INFINITE_RECURSION = YES;
				CLANG_WARN_INT_CONVERSION = YES;
				CLANG_WARN_NON_LITERAL_NULL_CONVERSION = YES;
				CLANG_WARN_OBJC_IMPLICIT_RETAIN_SELF = YES;
				CLANG_WARN_OBJC_LITERAL_CONVERSION = YES;
				CLANG_WARN_OBJC_ROOT_CLASS = YES_ERROR;
				CLANG_WARN_QUOTED_INCLUDE_IN_FRAMEWORK_HEADER = YES;
				CLANG_WARN_RANGE_LOOP_ANALYSIS = YES;
				CLANG_WARN_STRICT_PROTOTYPES = YES;
				CLANG_WARN_SUSPICIOUS_MOVE = YES;
				CLANG_WARN_UNGUARDED_AVAILABILITY = YES_AGGRESSIVE;
				CLANG_WARN_UNREACHABLE_CODE = YES;
				CLANG_WARN__DUPLICATE_METHOD_MATCH = YES;
				COPY_PHASE_STRIP = NO;
				DEBUG_INFORMATION_FORMAT = dwarf;
				ENABLE_STRICT_OBJC_MSGSEND = YES;
				ENABLE_TESTABILITY = YES;
				GCC_C_LANGUAGE_STANDARD = gnu11;
				GCC_DYNAMIC_NO_PIC = NO;
				GCC_NO_COMMON_BLOCKS = YES;
				GCC_OPTIMIZATION_LEVEL = 0;
				GCC_PREPROCESSOR_DEFINITIONS = (
					"DEBUG=1",
					"$(inherited)",
				);
				GCC_WARN_64_TO_32_BIT_CONVERSION = YES;
				GCC_WARN_ABOUT_RETURN_TYPE = YES_ERROR;
				GCC_WARN_UNDECLARED_SELECTOR = YES;
				GCC_WARN_UNINITIALIZED_AUTOS = YES_AGGRESSIVE;
				GCC_WARN_UNUSED_FUNCTION = YES;
				GCC_WARN_UNUSED_VARIABLE = YES;
				IPHONEOS_DEPLOYMENT_TARGET = 15.4;
				MTL_ENABLE_DEBUG_INFO = INCLUDE_SOURCE;
				MTL_FAST_MATH = YES;
				ONLY_ACTIVE_ARCH = YES;
				SDKROOT = iphoneos;
				SWIFT_ACTIVE_COMPILATION_CONDITIONS = DEBUG;
				SWIFT_OPTIMIZATION_LEVEL = "-Onone";
			};
			name = Debug;
		};
		BE34FE722A4D63F900F4F57D /* Release */ = {
			isa = XCBuildConfiguration;
			buildSettings = {
				ALWAYS_SEARCH_USER_PATHS = NO;
				CLANG_ANALYZER_NONNULL = YES;
				CLANG_ANALYZER_NUMBER_OBJECT_CONVERSION = YES_AGGRESSIVE;
				CLANG_CXX_LANGUAGE_STANDARD = "gnu++20";
				CLANG_ENABLE_MODULES = YES;
				CLANG_ENABLE_OBJC_ARC = YES;
				CLANG_ENABLE_OBJC_WEAK = YES;
				CLANG_WARN_BLOCK_CAPTURE_AUTORELEASING = YES;
				CLANG_WARN_BOOL_CONVERSION = YES;
				CLANG_WARN_COMMA = YES;
				CLANG_WARN_CONSTANT_CONVERSION = YES;
				CLANG_WARN_DEPRECATED_OBJC_IMPLEMENTATIONS = YES;
				CLANG_WARN_DIRECT_OBJC_ISA_USAGE = YES_ERROR;
				CLANG_WARN_DOCUMENTATION_COMMENTS = YES;
				CLANG_WARN_EMPTY_BODY = YES;
				CLANG_WARN_ENUM_CONVERSION = YES;
				CLANG_WARN_INFINITE_RECURSION = YES;
				CLANG_WARN_INT_CONVERSION = YES;
				CLANG_WARN_NON_LITERAL_NULL_CONVERSION = YES;
				CLANG_WARN_OBJC_IMPLICIT_RETAIN_SELF = YES;
				CLANG_WARN_OBJC_LITERAL_CONVERSION = YES;
				CLANG_WARN_OBJC_ROOT_CLASS = YES_ERROR;
				CLANG_WARN_QUOTED_INCLUDE_IN_FRAMEWORK_HEADER = YES;
				CLANG_WARN_RANGE_LOOP_ANALYSIS = YES;
				CLANG_WARN_STRICT_PROTOTYPES = YES;
				CLANG_WARN_SUSPICIOUS_MOVE = YES;
				CLANG_WARN_UNGUARDED_AVAILABILITY = YES_AGGRESSIVE;
				CLANG_WARN_UNREACHABLE_CODE = YES;
				CLANG_WARN__DUPLICATE_METHOD_MATCH = YES;
				COPY_PHASE_STRIP = NO;
				DEBUG_INFORMATION_FORMAT = "dwarf-with-dsym";
				ENABLE_NS_ASSERTIONS = NO;
				ENABLE_STRICT_OBJC_MSGSEND = YES;
				GCC_C_LANGUAGE_STANDARD = gnu11;
				GCC_NO_COMMON_BLOCKS = YES;
				GCC_WARN_64_TO_32_BIT_CONVERSION = YES;
				GCC_WARN_ABOUT_RETURN_TYPE = YES_ERROR;
				GCC_WARN_UNDECLARED_SELECTOR = YES;
				GCC_WARN_UNINITIALIZED_AUTOS = YES_AGGRESSIVE;
				GCC_WARN_UNUSED_FUNCTION = YES;
				GCC_WARN_UNUSED_VARIABLE = YES;
				IPHONEOS_DEPLOYMENT_TARGET = 15.4;
				MTL_ENABLE_DEBUG_INFO = NO;
				MTL_FAST_MATH = YES;
				SDKROOT = iphoneos;
				SWIFT_COMPILATION_MODE = wholemodule;
				SWIFT_OPTIMIZATION_LEVEL = "-O";
				VALIDATE_PRODUCT = YES;
			};
			name = Release;
		};
		BE34FE742A4D63F900F4F57D /* Debug */ = {
			isa = XCBuildConfiguration;
			buildSettings = {
				ASSETCATALOG_COMPILER_APPICON_NAME = AppIcon;
				ASSETCATALOG_COMPILER_GLOBAL_ACCENT_COLOR_NAME = AccentColor;
				CODE_SIGN_STYLE = Automatic;
				CURRENT_PROJECT_VERSION = 1;
				GENERATE_INFOPLIST_FILE = YES;
				INFOPLIST_FILE = "ITunes Search/Info.plist";
				INFOPLIST_KEY_UIApplicationSupportsIndirectInputEvents = YES;
				INFOPLIST_KEY_UILaunchStoryboardName = LaunchScreen;
				INFOPLIST_KEY_UISupportedInterfaceOrientations = UIInterfaceOrientationPortrait;
				INFOPLIST_KEY_UISupportedInterfaceOrientations_iPad = "UIInterfaceOrientationLandscapeLeft UIInterfaceOrientationLandscapeRight UIInterfaceOrientationPortrait UIInterfaceOrientationPortraitUpsideDown";
				IPHONEOS_DEPLOYMENT_TARGET = 15.4;
				LD_RUNPATH_SEARCH_PATHS = (
					"$(inherited)",
					"@executable_path/Frameworks",
				);
				MARKETING_VERSION = 1.0;
				PRODUCT_BUNDLE_IDENTIFIER = "com.testtt.poc.ITunes-Search";
				PRODUCT_NAME = "$(TARGET_NAME)";
				SUPPORTED_PLATFORMS = "iphoneos iphonesimulator";
				SUPPORTS_MACCATALYST = NO;
				SUPPORTS_MAC_DESIGNED_FOR_IPHONE_IPAD = NO;
				SWIFT_EMIT_LOC_STRINGS = YES;
				SWIFT_VERSION = 5.0;
				TARGETED_DEVICE_FAMILY = 1;
			};
			name = Debug;
		};
		BE34FE752A4D63F900F4F57D /* Release */ = {
			isa = XCBuildConfiguration;
			buildSettings = {
				ASSETCATALOG_COMPILER_APPICON_NAME = AppIcon;
				ASSETCATALOG_COMPILER_GLOBAL_ACCENT_COLOR_NAME = AccentColor;
				CODE_SIGN_STYLE = Automatic;
				CURRENT_PROJECT_VERSION = 1;
				GENERATE_INFOPLIST_FILE = YES;
				INFOPLIST_FILE = "ITunes Search/Info.plist";
				INFOPLIST_KEY_UIApplicationSupportsIndirectInputEvents = YES;
				INFOPLIST_KEY_UILaunchStoryboardName = LaunchScreen;
				INFOPLIST_KEY_UISupportedInterfaceOrientations = UIInterfaceOrientationPortrait;
				INFOPLIST_KEY_UISupportedInterfaceOrientations_iPad = "UIInterfaceOrientationLandscapeLeft UIInterfaceOrientationLandscapeRight UIInterfaceOrientationPortrait UIInterfaceOrientationPortraitUpsideDown";
				IPHONEOS_DEPLOYMENT_TARGET = 15.4;
				LD_RUNPATH_SEARCH_PATHS = (
					"$(inherited)",
					"@executable_path/Frameworks",
				);
				MARKETING_VERSION = 1.0;
				PRODUCT_BUNDLE_IDENTIFIER = "com.testtt.poc.ITunes-Search";
				PRODUCT_NAME = "$(TARGET_NAME)";
				SUPPORTED_PLATFORMS = "iphoneos iphonesimulator";
				SUPPORTS_MACCATALYST = NO;
				SUPPORTS_MAC_DESIGNED_FOR_IPHONE_IPAD = NO;
				SWIFT_EMIT_LOC_STRINGS = YES;
				SWIFT_VERSION = 5.0;
				TARGETED_DEVICE_FAMILY = 1;
			};
			name = Release;
		};
		BE34FE772A4D63F900F4F57D /* Debug */ = {
			isa = XCBuildConfiguration;
			buildSettings = {
				ALWAYS_EMBED_SWIFT_STANDARD_LIBRARIES = YES;
				BUNDLE_LOADER = "$(TEST_HOST)";
				CODE_SIGN_STYLE = Automatic;
				CURRENT_PROJECT_VERSION = 1;
				GENERATE_INFOPLIST_FILE = YES;
				IPHONEOS_DEPLOYMENT_TARGET = 15.4;
				MARKETING_VERSION = 1.0;
				PRODUCT_BUNDLE_IDENTIFIER = "com.testtt.poc.ITunes-SearchTests";
				PRODUCT_NAME = "$(TARGET_NAME)";
				SWIFT_EMIT_LOC_STRINGS = NO;
				SWIFT_VERSION = 5.0;
				TARGETED_DEVICE_FAMILY = "1,2";
				TEST_HOST = "$(BUILT_PRODUCTS_DIR)/ITunes Search.app/$(BUNDLE_EXECUTABLE_FOLDER_PATH)/ITunes Search";
			};
			name = Debug;
		};
		BE34FE782A4D63F900F4F57D /* Release */ = {
			isa = XCBuildConfiguration;
			buildSettings = {
				ALWAYS_EMBED_SWIFT_STANDARD_LIBRARIES = YES;
				BUNDLE_LOADER = "$(TEST_HOST)";
				CODE_SIGN_STYLE = Automatic;
				CURRENT_PROJECT_VERSION = 1;
				GENERATE_INFOPLIST_FILE = YES;
				IPHONEOS_DEPLOYMENT_TARGET = 15.4;
				MARKETING_VERSION = 1.0;
				PRODUCT_BUNDLE_IDENTIFIER = "com.testtt.poc.ITunes-SearchTests";
				PRODUCT_NAME = "$(TARGET_NAME)";
				SWIFT_EMIT_LOC_STRINGS = NO;
				SWIFT_VERSION = 5.0;
				TARGETED_DEVICE_FAMILY = "1,2";
				TEST_HOST = "$(BUILT_PRODUCTS_DIR)/ITunes Search.app/$(BUNDLE_EXECUTABLE_FOLDER_PATH)/ITunes Search";
			};
			name = Release;
		};
/* End XCBuildConfiguration section */

/* Begin XCConfigurationList section */
		BE34FE442A4D63F600F4F57D /* Build configuration list for PBXProject "ITunes Search" */ = {
			isa = XCConfigurationList;
			buildConfigurations = (
				BE34FE712A4D63F900F4F57D /* Debug */,
				BE34FE722A4D63F900F4F57D /* Release */,
			);
			defaultConfigurationIsVisible = 0;
			defaultConfigurationName = Release;
		};
		BE34FE732A4D63F900F4F57D /* Build configuration list for PBXNativeTarget "ITunes Search" */ = {
			isa = XCConfigurationList;
			buildConfigurations = (
				BE34FE742A4D63F900F4F57D /* Debug */,
				BE34FE752A4D63F900F4F57D /* Release */,
			);
			defaultConfigurationIsVisible = 0;
			defaultConfigurationName = Release;
		};
		BE34FE762A4D63F900F4F57D /* Build configuration list for PBXNativeTarget "ITunes SearchTests" */ = {
			isa = XCConfigurationList;
			buildConfigurations = (
				BE34FE772A4D63F900F4F57D /* Debug */,
				BE34FE782A4D63F900F4F57D /* Release */,
			);
			defaultConfigurationIsVisible = 0;
			defaultConfigurationName = Release;
		};
/* End XCConfigurationList section */
	};
	rootObject = BE34FE412A4D63F600F4F57D /* Project object */;
}
